
Microsoft Visual Studio Solution File, Format Version 12.00
# Visual Studio Version 17
VisualStudioVersion = 17.13.35931.197
MinimumVisualStudioVersion = 10.0.40219.1
Project("{FAE04EC0-301F-11D3-BF4B-00C04F79EFBC}") = "EBazar.API", "EBazar.API\EBazar.API.csproj", "{AC883F8D-6B27-4C99-B07F-9D27F730C569}"
EndProject
Project("{FAE04EC0-301F-11D3-BF4B-00C04F79EFBC}") = "EBazarWeb", "EBazarWeb\EBazarWeb.csproj", "{79851643-F1B1-42D7-A951-781F6A4E3B02}"
EndProject
Global
	GlobalSection(SolutionConfigurationPlatforms) = preSolution
		Debug|Any CPU = Debug|Any CPU
		Release|Any CPU = Release|Any CPU
	EndGlobalSection
	GlobalSection(ProjectConfigurationPlatforms) = postSolution
		{AC883F8D-6B27-4C99-B07F-9D27F730C569}.Debug|Any CPU.ActiveCfg = Debug|Any CPU
		{AC883F8D-6B27-4C99-B07F-9D27F730C569}.Debug|Any CPU.Build.0 = Debug|Any CPU
		{AC883F8D-6B27-4C99-B07F-9D27F730C569}.Release|Any CPU.ActiveCfg = Release|Any CPU
		{AC883F8D-6B27-4C99-B07F-9D27F730C569}.Release|Any CPU.Build.0 = Release|Any CPU
		{79851643-F1B1-42D7-A951-781F6A4E3B02}.Debug|Any CPU.ActiveCfg = Debug|Any CPU
		{79851643-F1B1-42D7-A951-781F6A4E3B02}.Debug|Any CPU.Build.0 = Debug|Any CPU
		{79851643-F1B1-42D7-A951-781F6A4E3B02}.Release|Any CPU.ActiveCfg = Release|Any CPU
		{79851643-F1B1-42D7-A951-781F6A4E3B02}.Release|Any CPU.Build.0 = Release|Any CPU
	EndGlobalSection
	GlobalSection(SolutionProperties) = preSolution
		HideSolutionNode = FALSE
	EndGlobalSection
	GlobalSection(ExtensibilityGlobals) = postSolution
		SolutionGuid = {B74634A5-F745-4F45-A20D-0A4DA6DFA206}
	EndGlobalSection
EndGlobal
